{
    "lockfile_version": "1.0",
    "created_at": "2026-03-17T23:18:45.858535-05:00",
    "invocation": {
        "command": "tb",
        "args": [
            "run",
            "--agent",
            "oracle",
            "--dataset-path",
            "/home/yantingchi/Desktop/DK/Paper2Code/outputs/BE-CBO_repo/eval",
            "--task-id",
            "benchmark",
            "--output-path",
            "/home/yantingchi/Desktop/DK/Paper2Code/outputs/BE-CBO_repo/eval/tb_runs",
            "--run-id",
            "be-cbo-oracle-20260317_231814",
            "--n-concurrent",
            "1",
            "--no-cleanup",
            "--no-rebuild"
        ]
    },
    "harness": {
        "package": "terminal-bench",
        "version": "0.2.18",
        "is_editable_installation": true
    },
    "agent": {
        "name": "oracle",
        "import_path": "terminal_bench.agents.oracle_agent:OracleAgent",
        "model_name": "Oracle",
        "extra_kwargs": {
            "no_rebuild": true
        }
    },
    "run_config": {
        "log_level": "info",
        "livestream": false,
        "n_concurrent_trials": 1,
        "n_attempts": 1,
        "no_rebuild": true,
        "cleanup": false,
        "global_timeout_multiplier": 1.0,
        "global_agent_timeout_sec": null,
        "global_test_timeout_sec": null
    },
    "dataset": {
        "name": null,
        "version": null,
        "local_path": "/home/yantingchi/Desktop/DK/Paper2Code/outputs/BE-CBO_repo/eval",
        "task_ids": [
            "benchmark"
        ],
        "registry_url": null,
        "local_registry_path": null
    },
    "local_config": {
        "output_path": "/home/yantingchi/Desktop/DK/Paper2Code/outputs/BE-CBO_repo/eval/tb_runs",
        "run_id": "be-cbo-oracle-20260317_231814",
        "upload_results": false
    }
}